
Microsoft Visual Studio Solution File, Format Version 12.00
# Visual Studio 15
VisualStudioVersion = 15.0.28307.902
MinimumVisualStudioVersion = 10.0.40219.1
Project("{FAE04EC0-301F-11D3-BF4B-00C04F79EFBC}") = "TobaccoNicotineApplication", "TobaccoNicotineApplication\TobaccoNicotineApplication.csproj", "{D0A57DC0-9DB1-44CE-8A01-79F7DFDAADBC}"
EndProject
Global
	GlobalSection(SolutionConfigurationPlatforms) = preSolution
		Debug|Any CPU = Debug|Any CPU
		Release|Any CPU = Release|Any CPU
	EndGlobalSection
	GlobalSection(ProjectConfigurationPlatforms) = postSolution
		{D0A57DC0-9DB1-44CE-8A01-79F7DFDAADBC}.Debug|Any CPU.ActiveCfg = Debug|Any CPU
		{D0A57DC0-9DB1-44CE-8A01-79F7DFDAADBC}.Debug|Any CPU.Build.0 = Debug|Any CPU
		{D0A57DC0-9DB1-44CE-8A01-79F7DFDAADBC}.Release|Any CPU.ActiveCfg = Release|Any CPU
		{D0A57DC0-9DB1-44CE-8A01-79F7DFDAADBC}.Release|Any CPU.Build.0 = Release|Any CPU
	EndGlobalSection
	GlobalSection(SolutionProperties) = preSolution
		HideSolutionNode = FALSE
	EndGlobalSection
	GlobalSection(ExtensibilityGlobals) = postSolution
		SolutionGuid = {C1E784AE-A6D4-4BDC-AE0D-20C8A09F9CC9}
	EndGlobalSection
EndGlobal
